
Microsoft Visual Studio Solution File, Format Version 12.00
# Visual Studio Version 17
VisualStudioVersion = 17.4.33205.214
MinimumVisualStudioVersion = 10.0.40219.1
Project("{9A19103F-16F7-4668-BE54-9A1E7A4F7556}") = "PendingSecretNotes", "PendingSecretNotes\PendingSecretNotes.csproj", "{0BCE6199-8240-4774-AD01-DBCF292AA160}"
EndProject
Project("{FAE04EC0-301F-11D3-BF4B-00C04F79EFBC}") = "[CP] Pending Secret Notes", "[CP] Pending Secret Notes\[CP] Pending Secret Notes.csproj", "{5DBDE544-B516-4825-96F7-F6E05080D2B5}"
EndProject
Global
	GlobalSection(SolutionConfigurationPlatforms) = preSolution
		Debug|Any CPU = Debug|Any CPU
		Release|Any CPU = Release|Any CPU
	EndGlobalSection
	GlobalSection(ProjectConfigurationPlatforms) = postSolution
		{0BCE6199-8240-4774-AD01-DBCF292AA160}.Debug|Any CPU.ActiveCfg = Debug|Any CPU
		{0BCE6199-8240-4774-AD01-DBCF292AA160}.Debug|Any CPU.Build.0 = Debug|Any CPU
		{0BCE6199-8240-4774-AD01-DBCF292AA160}.Release|Any CPU.ActiveCfg = Release|Any CPU
		{0BCE6199-8240-4774-AD01-DBCF292AA160}.Release|Any CPU.Build.0 = Release|Any CPU
		{5DBDE544-B516-4825-96F7-F6E05080D2B5}.Debug|Any CPU.ActiveCfg = Debug|Any CPU
		{5DBDE544-B516-4825-96F7-F6E05080D2B5}.Debug|Any CPU.Build.0 = Debug|Any CPU
		{5DBDE544-B516-4825-96F7-F6E05080D2B5}.Release|Any CPU.ActiveCfg = Release|Any CPU
		{5DBDE544-B516-4825-96F7-F6E05080D2B5}.Release|Any CPU.Build.0 = Release|Any CPU
	EndGlobalSection
	GlobalSection(SolutionProperties) = preSolution
		HideSolutionNode = FALSE
	EndGlobalSection
	GlobalSection(ExtensibilityGlobals) = postSolution
		SolutionGuid = {F7CCE2E6-5EDD-4649-8DAC-13E72B50DD1B}
	EndGlobalSection
EndGlobal
